
Microsoft Visual Studio Solution File, Format Version 12.00
# Visual Studio 14
VisualStudioVersion = 14.0.25420.1
MinimumVisualStudioVersion = 10.0.40219.1
Project("{FAE04EC0-301F-11D3-BF4B-00C04F79EFBC}") = "FB.CMS", "FB.CMS\FB.CMS.csproj", "{8EEB215A-9D7E-4662-ABEC-995B76D4DFF9}"
EndProject
Project("{2150E333-8FDC-42A3-9474-1A3956D46DE8}") = "UI", "UI", "{F8784F69-3CB9-4EB8-B9D0-C5FBC92211F9}"
EndProject
Project("{2150E333-8FDC-42A3-9474-1A3956D46DE8}") = "Common", "Common", "{9CC0F722-F70F-4FA5-9907-9F372178F891}"
EndProject
Project("{2150E333-8FDC-42A3-9474-1A3956D46DE8}") = "Model", "Model", "{12287573-32A4-4EFF-A32F-929B6AB796A0}"
EndProject
Project("{2150E333-8FDC-42A3-9474-1A3956D46DE8}") = "Repository", "Repository", "{CC3FD56F-CC01-47A5-B588-EDE0E60F8982}"
EndProject
Project("{2150E333-8FDC-42A3-9474-1A3956D46DE8}") = "Service", "Service", "{57F4CCC6-8B4F-41DA-B898-6B9A9B9A3F6D}"
EndProject
Project("{FAE04EC0-301F-11D3-BF4B-00C04F79EFBC}") = "FB.CMS.MvcSite", "FB.CMS.MvcSite\FB.CMS.MvcSite.csproj", "{FC7F74ED-E33E-4629-A5A3-2C21319AEF41}"
EndProject
Project("{FAE04EC0-301F-11D3-BF4B-00C04F79EFBC}") = "FB.CMS.Model", "FB.CMS.Model\FB.CMS.Model.csproj", "{AED6B498-7FE9-439B-B744-BAD902B2F330}"
EndProject
Project("{FAE04EC0-301F-11D3-BF4B-00C04F79EFBC}") = "FB.CMS.IRepository", "FB.CMS.IRepository\FB.CMS.IRepository.csproj", "{EE5F5AB3-3490-4B42-8F0F-EDA8F54041AF}"
EndProject
Project("{FAE04EC0-301F-11D3-BF4B-00C04F79EFBC}") = "FB.CMS.Repository", "FB.CMS.Repository\FB.CMS.Repository.csproj", "{AE7C877C-DBB7-44ED-9E2D-D1CEA3E66EE9}"
EndProject
Project("{FAE04EC0-301F-11D3-BF4B-00C04F79EFBC}") = "FB.CMS.IService", "FB.CMS.IService\FB.CMS.IService.csproj", "{5C95BF5D-C1E7-4CFD-BBBD-7FA90D180DFE}"
EndProject
Project("{FAE04EC0-301F-11D3-BF4B-00C04F79EFBC}") = "FB.CMS.Service", "FB.CMS.Service\FB.CMS.Service.csproj", "{737D302B-636D-4367-9710-7B0DAA060793}"
EndProject
Project("{FAE04EC0-301F-11D3-BF4B-00C04F79EFBC}") = "Core", "Core\Core.csproj", "{1DDD9457-DE62-4BA1-8207-AB19CF71F0F0}"
EndProject
Project("{FAE04EC0-301F-11D3-BF4B-00C04F79EFBC}") = "FB.CMS.Console", "FB.CMS.Console\FB.CMS.Console.csproj", "{BB730FC4-D4E8-4F35-BA5E-104DE219914C}"
EndProject
Project("{2150E333-8FDC-42A3-9474-1A3956D46DE8}") = "IBatis+AutoFac", "IBatis+AutoFac", "{47D55C1F-6C19-4D59-9BA9-E140D5FD8B16}"
EndProject
Project("{FAE04EC0-301F-11D3-BF4B-00C04F79EFBC}") = "Dao", "Dao\Dao.csproj", "{51F08817-B0F8-466F-B60E-BAD93073ABE9}"
EndProject
Project("{FAE04EC0-301F-11D3-BF4B-00C04F79EFBC}") = "Model", "Model\Model.csproj", "{E848768F-737A-4599-844B-10D36F5BEE98}"
EndProject
Project("{FAE04EC0-301F-11D3-BF4B-00C04F79EFBC}") = "IbatisConsole", "IbatisConsole\IbatisConsole.csproj", "{F1D616AA-3213-4D15-85FF-F42C32A95C4D}"
EndProject
Global
	GlobalSection(SolutionConfigurationPlatforms) = preSolution
		Debug|Any CPU = Debug|Any CPU
		Release|Any CPU = Release|Any CPU
	EndGlobalSection
	GlobalSection(ProjectConfigurationPlatforms) = postSolution
		{8EEB215A-9D7E-4662-ABEC-995B76D4DFF9}.Debug|Any CPU.ActiveCfg = Debug|Any CPU
		{8EEB215A-9D7E-4662-ABEC-995B76D4DFF9}.Debug|Any CPU.Build.0 = Debug|Any CPU
		{8EEB215A-9D7E-4662-ABEC-995B76D4DFF9}.Release|Any CPU.ActiveCfg = Release|Any CPU
		{8EEB215A-9D7E-4662-ABEC-995B76D4DFF9}.Release|Any CPU.Build.0 = Release|Any CPU
		{FC7F74ED-E33E-4629-A5A3-2C21319AEF41}.Debug|Any CPU.ActiveCfg = Debug|Any CPU
		{FC7F74ED-E33E-4629-A5A3-2C21319AEF41}.Debug|Any CPU.Build.0 = Debug|Any CPU
		{FC7F74ED-E33E-4629-A5A3-2C21319AEF41}.Release|Any CPU.ActiveCfg = Release|Any CPU
		{FC7F74ED-E33E-4629-A5A3-2C21319AEF41}.Release|Any CPU.Build.0 = Release|Any CPU
		{AED6B498-7FE9-439B-B744-BAD902B2F330}.Debug|Any CPU.ActiveCfg = Debug|Any CPU
		{AED6B498-7FE9-439B-B744-BAD902B2F330}.Debug|Any CPU.Build.0 = Debug|Any CPU
		{AED6B498-7FE9-439B-B744-BAD902B2F330}.Release|Any CPU.ActiveCfg = Release|Any CPU
		{AED6B498-7FE9-439B-B744-BAD902B2F330}.Release|Any CPU.Build.0 = Release|Any CPU
		{EE5F5AB3-3490-4B42-8F0F-EDA8F54041AF}.Debug|Any CPU.ActiveCfg = Debug|Any CPU
		{EE5F5AB3-3490-4B42-8F0F-EDA8F54041AF}.Debug|Any CPU.Build.0 = Debug|Any CPU
		{EE5F5AB3-3490-4B42-8F0F-EDA8F54041AF}.Release|Any CPU.ActiveCfg = Release|Any CPU
		{EE5F5AB3-3490-4B42-8F0F-EDA8F54041AF}.Release|Any CPU.Build.0 = Release|Any CPU
		{AE7C877C-DBB7-44ED-9E2D-D1CEA3E66EE9}.Debug|Any CPU.ActiveCfg = Debug|Any CPU
		{AE7C877C-DBB7-44ED-9E2D-D1CEA3E66EE9}.Debug|Any CPU.Build.0 = Debug|Any CPU
		{AE7C877C-DBB7-44ED-9E2D-D1CEA3E66EE9}.Release|Any CPU.ActiveCfg = Release|Any CPU
		{AE7C877C-DBB7-44ED-9E2D-D1CEA3E66EE9}.Release|Any CPU.Build.0 = Release|Any CPU
		{5C95BF5D-C1E7-4CFD-BBBD-7FA90D180DFE}.Debug|Any CPU.ActiveCfg = Debug|Any CPU
		{5C95BF5D-C1E7-4CFD-BBBD-7FA90D180DFE}.Debug|Any CPU.Build.0 = Debug|Any CPU
		{5C95BF5D-C1E7-4CFD-BBBD-7FA90D180DFE}.Release|Any CPU.ActiveCfg = Release|Any CPU
		{5C95BF5D-C1E7-4CFD-BBBD-7FA90D180DFE}.Release|Any CPU.Build.0 = Release|Any CPU
		{737D302B-636D-4367-9710-7B0DAA060793}.Debug|Any CPU.ActiveCfg = Debug|Any CPU
		{737D302B-636D-4367-9710-7B0DAA060793}.Debug|Any CPU.Build.0 = Debug|Any CPU
		{737D302B-636D-4367-9710-7B0DAA060793}.Release|Any CPU.ActiveCfg = Release|Any CPU
		{737D302B-636D-4367-9710-7B0DAA060793}.Release|Any CPU.Build.0 = Release|Any CPU
		{1DDD9457-DE62-4BA1-8207-AB19CF71F0F0}.Debug|Any CPU.ActiveCfg = Debug|Any CPU
		{1DDD9457-DE62-4BA1-8207-AB19CF71F0F0}.Debug|Any CPU.Build.0 = Debug|Any CPU
		{1DDD9457-DE62-4BA1-8207-AB19CF71F0F0}.Release|Any CPU.ActiveCfg = Release|Any CPU
		{1DDD9457-DE62-4BA1-8207-AB19CF71F0F0}.Release|Any CPU.Build.0 = Release|Any CPU
		{BB730FC4-D4E8-4F35-BA5E-104DE219914C}.Debug|Any CPU.ActiveCfg = Debug|Any CPU
		{BB730FC4-D4E8-4F35-BA5E-104DE219914C}.Debug|Any CPU.Build.0 = Debug|Any CPU
		{BB730FC4-D4E8-4F35-BA5E-104DE219914C}.Release|Any CPU.ActiveCfg = Release|Any CPU
		{BB730FC4-D4E8-4F35-BA5E-104DE219914C}.Release|Any CPU.Build.0 = Release|Any CPU
		{51F08817-B0F8-466F-B60E-BAD93073ABE9}.Debug|Any CPU.ActiveCfg = Debug|Any CPU
		{51F08817-B0F8-466F-B60E-BAD93073ABE9}.Debug|Any CPU.Build.0 = Debug|Any CPU
		{51F08817-B0F8-466F-B60E-BAD93073ABE9}.Release|Any CPU.ActiveCfg = Release|Any CPU
		{51F08817-B0F8-466F-B60E-BAD93073ABE9}.Release|Any CPU.Build.0 = Release|Any CPU
		{E848768F-737A-4599-844B-10D36F5BEE98}.Debug|Any CPU.ActiveCfg = Debug|Any CPU
		{E848768F-737A-4599-844B-10D36F5BEE98}.Debug|Any CPU.Build.0 = Debug|Any CPU
		{E848768F-737A-4599-844B-10D36F5BEE98}.Release|Any CPU.ActiveCfg = Release|Any CPU
		{E848768F-737A-4599-844B-10D36F5BEE98}.Release|Any CPU.Build.0 = Release|Any CPU
		{F1D616AA-3213-4D15-85FF-F42C32A95C4D}.Debug|Any CPU.ActiveCfg = Debug|Any CPU
		{F1D616AA-3213-4D15-85FF-F42C32A95C4D}.Debug|Any CPU.Build.0 = Debug|Any CPU
		{F1D616AA-3213-4D15-85FF-F42C32A95C4D}.Release|Any CPU.ActiveCfg = Release|Any CPU
		{F1D616AA-3213-4D15-85FF-F42C32A95C4D}.Release|Any CPU.Build.0 = Release|Any CPU
	EndGlobalSection
	GlobalSection(SolutionProperties) = preSolution
		HideSolutionNode = FALSE
	EndGlobalSection
	GlobalSection(NestedProjects) = preSolution
		{FC7F74ED-E33E-4629-A5A3-2C21319AEF41} = {F8784F69-3CB9-4EB8-B9D0-C5FBC92211F9}
		{AED6B498-7FE9-439B-B744-BAD902B2F330} = {12287573-32A4-4EFF-A32F-929B6AB796A0}
		{EE5F5AB3-3490-4B42-8F0F-EDA8F54041AF} = {CC3FD56F-CC01-47A5-B588-EDE0E60F8982}
		{AE7C877C-DBB7-44ED-9E2D-D1CEA3E66EE9} = {CC3FD56F-CC01-47A5-B588-EDE0E60F8982}
		{5C95BF5D-C1E7-4CFD-BBBD-7FA90D180DFE} = {57F4CCC6-8B4F-41DA-B898-6B9A9B9A3F6D}
		{737D302B-636D-4367-9710-7B0DAA060793} = {57F4CCC6-8B4F-41DA-B898-6B9A9B9A3F6D}
		{1DDD9457-DE62-4BA1-8207-AB19CF71F0F0} = {9CC0F722-F70F-4FA5-9907-9F372178F891}
		{BB730FC4-D4E8-4F35-BA5E-104DE219914C} = {F8784F69-3CB9-4EB8-B9D0-C5FBC92211F9}
		{51F08817-B0F8-466F-B60E-BAD93073ABE9} = {47D55C1F-6C19-4D59-9BA9-E140D5FD8B16}
		{E848768F-737A-4599-844B-10D36F5BEE98} = {47D55C1F-6C19-4D59-9BA9-E140D5FD8B16}
		{F1D616AA-3213-4D15-85FF-F42C32A95C4D} = {47D55C1F-6C19-4D59-9BA9-E140D5FD8B16}
	EndGlobalSection
EndGlobal
